// !$*UTF8*$!
{
	archiveVersion = 1;
	classes = {
	};
	objectVersion = 51;
	objects = {

/* Begin PBXBuildFile section */
		54508FB54E2380A0A1B8F935 /* Pods_social_login_client.framework in Frameworks */ = {isa = PBXBuildFile; fileRef = 808BD956601E63544C537A9E /* Pods_social_login_client.framework */; };
		B81E677C24FED1C3004FF65F /* AppDelegate.swift in Sources */ = {isa = PBXBuildFile; fileRef = B81E677B24FED1C3004FF65F /* AppDelegate.swift */; };
		B81E677E24FED1C3004FF65F /* SceneDelegate.swift in Sources */ = {isa = PBXBuildFile; fileRef = B81E677D24FED1C3004FF65F /* SceneDelegate.swift */; };
		B81E678024FED1C3004FF65F /* ViewController.swift in Sources */ = {isa = PBXBuildFile; fileRef = B81E677F24FED1C3004FF65F /* ViewController.swift */; };
		B81E678324FED1C3004FF65F /* Main.storyboard in Resources */ = {isa = PBXBuildFile; fileRef = B81E678124FED1C3004FF65F /* Main.storyboard */; };
		B81E678824FED1C3004FF65F /* Assets.xcassets in Resources */ = {isa = PBXBuildFile; fileRef = B81E678724FED1C3004FF65F /* Assets.xcassets */; };
		B81E678B24FED1C3004FF65F /* LaunchScreen.storyboard in Resources */ = {isa = PBXBuildFile; fileRef = B81E678924FED1C3004FF65F /* LaunchScreen.storyboard */; };
		B81E679424FED65B004FF65F /* WebKit.framework in Frameworks */ = {isa = PBXBuildFile; fileRef = B81E679324FED65B004FF65F /* WebKit.framework */; };
/* End PBXBuildFile section */

/* Begin PBXFileReference section */
		38C0039DE0C2656A43ABAA78 /* Pods-social_login_client.release.xcconfig */ = {isa = PBXFileReference; includeInIndex = 1; lastKnownFileType = text.xcconfig; name = "Pods-social_login_client.release.xcconfig"; path = "Target Support Files/Pods-social_login_client/Pods-social_login_client.release.xcconfig"; sourceTree = "<group>"; };
		808BD956601E63544C537A9E /* Pods_social_login_client.framework */ = {isa = PBXFileReference; explicitFileType = wrapper.framework; includeInIndex = 0; path = Pods_social_login_client.framework; sourceTree = BUILT_PRODUCTS_DIR; };
		B81E677824FED1C3004FF65F /* social_login_client.app */ = {isa = PBXFileReference; explicitFileType = wrapper.application; includeInIndex = 0; path = social_login_client.app; sourceTree = BUILT_PRODUCTS_DIR; };
		B81E677B24FED1C3004FF65F /* AppDelegate.swift */ = {isa = PBXFileReference; lastKnownFileType = sourcecode.swift; path = AppDelegate.swift; sourceTree = "<group>"; };
		B81E677D24FED1C3004FF65F /* SceneDelegate.swift */ = {isa = PBXFileReference; lastKnownFileType = sourcecode.swift; path = SceneDelegate.swift; sourceTree = "<group>"; };
		B81E677F24FED1C3004FF65F /* ViewController.swift */ = {isa = PBXFileReference; lastKnownFileType = sourcecode.swift; path = ViewController.swift; sourceTree = "<group>"; };
		B81E678224FED1C3004FF65F /* Base */ = {isa = PBXFileReference; lastKnownFileType = file.storyboard; name = Base; path = Base.lproj/Main.storyboard; sourceTree = "<group>"; };
		B81E678724FED1C3004FF65F /* Assets.xcassets */ = {isa = PBXFileReference; lastKnownFileType = folder.assetcatalog; path = Assets.xcassets; sourceTree = "<group>"; };
		B81E678A24FED1C3004FF65F /* Base */ = {isa = PBXFileReference; lastKnownFileType = file.storyboard; name = Base; path = Base.lproj/LaunchScreen.storyboard; sourceTree = "<group>"; };
		B81E678C24FED1C3004FF65F /* Info.plist */ = {isa = PBXFileReference; lastKnownFileType = text.plist.xml; path = Info.plist; sourceTree = "<group>"; };
		B81E679324FED65B004FF65F /* WebKit.framework */ = {isa = PBXFileReference; lastKnownFileType = wrapper.framework; name = WebKit.framework; path = System/Library/Frameworks/WebKit.framework; sourceTree = SDKROOT; };
		ED4914A40DC8721DE45FC041 /* Pods-social_login_client.debug.xcconfig */ = {isa = PBXFileReference; includeInIndex = 1; lastKnownFileType = text.xcconfig; name = "Pods-social_login_client.debug.xcconfig"; path = "Target Support Files/Pods-social_login_client/Pods-social_login_client.debug.xcconfig"; sourceTree = "<group>"; };
/* End PBXFileReference section */

/* Begin PBXFrameworksBuildPhase section */
		B81E677524FED1C3004FF65F /* Frameworks */ = {
			isa = PBXFrameworksBuildPhase;
			buildActionMask = 2147483647;
			files = (
				B81E679424FED65B004FF65F /* WebKit.framework in Frameworks */,
				54508FB54E2380A0A1B8F935 /* Pods_social_login_client.framework in Frameworks */,
			);
			runOnlyForDeploymentPostprocessing = 0;
		};
/* End PBXFrameworksBuildPhase section */

/* Begin PBXGroup section */
		715FDA08AEF2C9924477CFA4 /* Pods */ = {
			isa = PBXGroup;
			children = (
				ED4914A40DC8721DE45FC041 /* Pods-social_login_client.debug.xcconfig */,
				38C0039DE0C2656A43ABAA78 /* Pods-social_login_client.release.xcconfig */,
			);
			path = Pods;
			sourceTree = "<group>";
		};
		B81E676F24FED1C3004FF65F = {
			isa = PBXGroup;
			children = (
				B81E677A24FED1C3004FF65F /* social_login_client */,
				B81E677924FED1C3004FF65F /* Products */,
				B81E679224FED65B004FF65F /* Frameworks */,
				715FDA08AEF2C9924477CFA4 /* Pods */,
			);
			sourceTree = "<group>";
		};
		B81E677924FED1C3004FF65F /* Products */ = {
			isa = PBXGroup;
			children = (
				B81E677824FED1C3004FF65F /* social_login_client.app */,
			);
			name = Products;
			sourceTree = "<group>";
		};
		B81E677A24FED1C3004FF65F /* social_login_client */ = {
			isa = PBXGroup;
			children = (
				B81E677B24FED1C3004FF65F /* AppDelegate.swift */,
				B81E677D24FED1C3004FF65F /* SceneDelegate.swift */,
				B81E677F24FED1C3004FF65F /* ViewController.swift */,
				B81E678124FED1C3004FF65F /* Main.storyboard */,
				B81E678724FED1C3004FF65F /* Assets.xcassets */,
				B81E678924FED1C3004FF65F /* LaunchScreen.storyboard */,
				B81E678C24FED1C3004FF65F /* Info.plist */,
			);
			path = social_login_client;
			sourceTree = "<group>";
		};
		B81E679224FED65B004FF65F /* Frameworks */ = {
			isa = PBXGroup;
			children = (
				B81E679324FED65B004FF65F /* WebKit.framework */,
				808BD956601E63544C537A9E /* Pods_social_login_client.framework */,
			);
			name = Frameworks;
			sourceTree = "<group>";
		};
/* End PBXGroup section */

/* Begin PBXNativeTarget section */
		B81E677724FED1C3004FF65F /* social_login_client */ = {
			isa = PBXNativeTarget;
			buildConfigurationList = B81E678F24FED1C3004FF65F /* Build configuration list for PBXNativeTarget "social_login_client" */;
			buildPhases = (
				E54957DAC71176DFB0AD79D1 /* [CP] Check Pods Manifest.lock */,
				B81E677424FED1C3004FF65F /* Sources */,
				B81E677524FED1C3004FF65F /* Frameworks */,
				B81E677624FED1C3004FF65F /* Resources */,
				DEC58E798744B0978E7B4E33 /* [CP] Embed Pods Frameworks */,
			);
			buildRules = (
			);
			dependencies = (
			);
			name = social_login_client;
			productName = test;
			productReference = B81E677824FED1C3004FF65F /* social_login_client.app */;
			productType = "com.apple.product-type.application";
		};
/* End PBXNativeTarget section */

/* Begin PBXProject section */
		B81E677024FED1C3004FF65F /* Project object */ = {
			isa = PBXProject;
			attributes = {
				LastSwiftUpdateCheck = 1170;
				LastUpgradeCheck = 1220;
				ORGANIZATIONNAME = "Derrick Lin";
				TargetAttributes = {
					B81E677724FED1C3004FF65F = {
						CreatedOnToolsVersion = 11.7;
					};
				};
			};
			buildConfigurationList = B81E677324FED1C3004FF65F /* Build configuration list for PBXProject "social_login_client" */;
			compatibilityVersion = "Xcode 9.3";
			developmentRegion = en;
			hasScannedForEncodings = 0;
			knownRegions = (
				en,
				Base,
			);
			mainGroup = B81E676F24FED1C3004FF65F;
			productRefGroup = B81E677924FED1C3004FF65F /* Products */;
			projectDirPath = "";
			projectRoot = "";
			targets = (
				B81E677724FED1C3004FF65F /* social_login_client */,
			);
		};
/* End PBXProject section */

/* Begin PBXResourcesBuildPhase section */
		B81E677624FED1C3004FF65F /* Resources */ = {
			isa = PBXResourcesBuildPhase;
			buildActionMask = 2147483647;
			files = (
				B81E678B24FED1C3004FF65F /* LaunchScreen.storyboard in Resources */,
				B81E678824FED1C3004FF65F /* Assets.xcassets in Resources */,
				B81E678324FED1C3004FF65F /* Main.storyboard in Resources */,
			);
			runOnlyForDeploymentPostprocessing = 0;
		};
/* End PBXResourcesBuildPhase section */

/* Begin PBXShellScriptBuildPhase section */
		DEC58E798744B0978E7B4E33 /* [CP] Embed Pods Frameworks */ = {
			isa = PBXShellScriptBuildPhase;
			buildActionMask = 2147483647;
			files = (
			);
			inputFileListPaths = (
				"${PODS_ROOT}/Target Support Files/Pods-social_login_client/Pods-social_login_client-frameworks-${CONFIGURATION}-input-files.xcfilelist",
			);
			name = "[CP] Embed Pods Frameworks";
			outputFileListPaths = (
				"${PODS_ROOT}/Target Support Files/Pods-social_login_client/Pods-social_login_client-frameworks-${CONFIGURATION}-output-files.xcfilelist",
			);
			runOnlyForDeploymentPostprocessing = 0;
			shellPath = /bin/sh;
			shellScript = "\"${PODS_ROOT}/Target Support Files/Pods-social_login_client/Pods-social_login_client-frameworks.sh\"\n";
			showEnvVarsInLog = 0;
		};
		E54957DAC71176DFB0AD79D1 /* [CP] Check Pods Manifest.lock */ = {
			isa = PBXShellScriptBuildPhase;
			buildActionMask = 2147483647;
			files = (
			);
			inputFileListPaths = (
			);
			inputPaths = (
				"${PODS_PODFILE_DIR_PATH}/Podfile.lock",
				"${PODS_ROOT}/Manifest.lock",
			);
			name = "[CP] Check Pods Manifest.lock";
			outputFileListPaths = (
			);
			outputPaths = (
				"$(DERIVED_FILE_DIR)/Pods-social_login_client-checkManifestLockResult.txt",
			);
			runOnlyForDeploymentPostprocessing = 0;
			shellPath = /bin/sh;
			shellScript = "diff \"${PODS_PODFILE_DIR_PATH}/Podfile.lock\" \"${PODS_ROOT}/Manifest.lock\" > /dev/null\nif [ $? != 0 ] ; then\n    # print error to STDERR\n    echo \"error: The sandbox is not in sync with the Podfile.lock. Run 'pod install' or update your CocoaPods installation.\" >&2\n    exit 1\nfi\n# This output is used by Xcode 'outputs' to avoid re-running this script phase.\necho \"SUCCESS\" > \"${SCRIPT_OUTPUT_FILE_0}\"\n";
			showEnvVarsInLog = 0;
		};
/* End PBXShellScriptBuildPhase section */

/* Begin PBXSourcesBuildPhase section */
		B81E677424FED1C3004FF65F /* Sources */ = {
			isa = PBXSourcesBuildPhase;
			buildActionMask = 2147483647;
			files = (
				B81E678024FED1C3004FF65F /* ViewController.swift in Sources */,
				B81E677C24FED1C3004FF65F /* AppDelegate.swift in Sources */,
				B81E677E24FED1C3004FF65F /* SceneDelegate.swift in Sources */,
			);
			runOnlyForDeploymentPostprocessing = 0;
		};
/* End PBXSourcesBuildPhase section */

/* Begin PBXVariantGroup section */
		B81E678124FED1C3004FF65F /* Main.storyboard */ = {
			isa = PBXVariantGroup;
			children = (
				B81E678224FED1C3004FF65F /* Base */,
			);
			name = Main.storyboard;
			sourceTree = "<group>";
		};
		B81E678924FED1C3004FF65F /* LaunchScreen.storyboard */ = {
			isa = PBXVariantGroup;
			children = (
				B81E678A24FED1C3004FF65F /* Base */,
			);
			name = LaunchScreen.storyboard;
			sourceTree = "<group>";
		};
/* End PBXVariantGroup section */

/* Begin XCBuildConfiguration section */
		B81E678D24FED1C3004FF65F /* Debug */ = {
			isa = XCBuildConfiguration;
			buildSettings = {
				ALWAYS_SEARCH_USER_PATHS = NO;
				CLANG_ANALYZER_NONNULL = YES;
				CLANG_ANALYZER_NUMBER_OBJECT_CONVERSION = YES_AGGRESSIVE;
				CLANG_CXX_LANGUAGE_STANDARD = "gnu++14";
				CLANG_CXX_LIBRARY = "libc++";
				CLANG_ENABLE_MODULES = YES;
				CLANG_ENABLE_OBJC_ARC = YES;
				CLANG_ENABLE_OBJC_WEAK = YES;
				CLANG_WARN_BLOCK_CAPTURE_AUTORELEASING = YES;
				CLANG_WARN_BOOL_CONVERSION = YES;
				CLANG_WARN_COMMA = YES;
				CLANG_WARN_CONSTANT_CONVERSION = YES;
				CLANG_WARN_DEPRECATED_OBJC_IMPLEMENTATIONS = YES;
				CLANG_WARN_DIRECT_OBJC_ISA_USAGE = YES_ERROR;
				CLANG_WARN_DOCUMENTATION_COMMENTS = YES;
				CLANG_WARN_EMPTY_BODY = YES;
				CLANG_WARN_ENUM_CONVERSION = YES;
				CLANG_WARN_INFINITE_RECURSION = YES;
				CLANG_WARN_INT_CONVERSION = YES;
				CLANG_WARN_NON_LITERAL_NULL_CONVERSION = YES;
				CLANG_WARN_OBJC_IMPLICIT_RETAIN_SELF = YES;
				CLANG_WARN_OBJC_LITERAL_CONVERSION = YES;
				CLANG_WARN_OBJC_ROOT_CLASS = YES_ERROR;
				CLANG_WARN_QUOTED_INCLUDE_IN_FRAMEWORK_HEADER = YES;
				CLANG_WARN_RANGE_LOOP_ANALYSIS = YES;
				CLANG_WARN_STRICT_PROTOTYPES = YES;
				CLANG_WARN_SUSPICIOUS_MOVE = YES;
				CLANG_WARN_UNGUARDED_AVAILABILITY = YES_AGGRESSIVE;
				CLANG_WARN_UNREACHABLE_CODE = YES;
				CLANG_WARN__DUPLICATE_METHOD_MATCH = YES;
				COPY_PHASE_STRIP = NO;
				DEBUG_INFORMATION_FORMAT = dwarf;
				ENABLE_STRICT_OBJC_MSGSEND = YES;
				ENABLE_TESTABILITY = YES;
				GCC_C_LANGUAGE_STANDARD = gnu11;
				GCC_DYNAMIC_NO_PIC = NO;
				GCC_NO_COMMON_BLOCKS = YES;
				GCC_OPTIMIZATION_LEVEL = 0;
				GCC_PREPROCESSOR_DEFINITIONS = (
					"DEBUG=1",
					"$(inherited)",
				);
				GCC_WARN_64_TO_32_BIT_CONVERSION = YES;
				GCC_WARN_ABOUT_RETURN_TYPE = YES_ERROR;
				GCC_WARN_UNDECLARED_SELECTOR = YES;
				GCC_WARN_UNINITIALIZED_AUTOS = YES_AGGRESSIVE;
				GCC_WARN_UNUSED_FUNCTION = YES;
				GCC_WARN_UNUSED_VARIABLE = YES;
				IPHONEOS_DEPLOYMENT_TARGET = 13.7;
				MTL_ENABLE_DEBUG_INFO = INCLUDE_SOURCE;
				MTL_FAST_MATH = YES;
				ONLY_ACTIVE_ARCH = YES;
				SDKROOT = iphoneos;
				SWIFT_ACTIVE_COMPILATION_CONDITIONS = DEBUG;
				SWIFT_OPTIMIZATION_LEVEL = "-Onone";
			};
			name = Debug;
		};
		B81E678E24FED1C3004FF65F /* Release */ = {
			isa = XCBuildConfiguration;
			buildSettings = {
				ALWAYS_SEARCH_USER_PATHS = NO;
				CLANG_ANALYZER_NONNULL = YES;
				CLANG_ANALYZER_NUMBER_OBJECT_CONVERSION = YES_AGGRESSIVE;
				CLANG_CXX_LANGUAGE_STANDARD = "gnu++14";
				CLANG_CXX_LIBRARY = "libc++";
				CLANG_ENABLE_MODULES = YES;
				CLANG_ENABLE_OBJC_ARC = YES;
				CLANG_ENABLE_OBJC_WEAK = YES;
				CLANG_WARN_BLOCK_CAPTURE_AUTORELEASING = YES;
				CLANG_WARN_BOOL_CONVERSION = YES;
				CLANG_WARN_COMMA = YES;
				CLANG_WARN_CONSTANT_CONVERSION = YES;
				CLANG_WARN_DEPRECATED_OBJC_IMPLEMENTATIONS = YES;
				CLANG_WARN_DIRECT_OBJC_ISA_USAGE = YES_ERROR;
				CLANG_WARN_DOCUMENTATION_COMMENTS = YES;
				CLANG_WARN_EMPTY_BODY = YES;
				CLANG_WARN_ENUM_CONVERSION = YES;
				CLANG_WARN_INFINITE_RECURSION = YES;
				CLANG_WARN_INT_CONVERSION = YES;
				CLANG_WARN_NON_LITERAL_NULL_CONVERSION = YES;
				CLANG_WARN_OBJC_IMPLICIT_RETAIN_SELF = YES;
				CLANG_WARN_OBJC_LITERAL_CONVERSION = YES;
				CLANG_WARN_OBJC_ROOT_CLASS = YES_ERROR;
				CLANG_WARN_QUOTED_INCLUDE_IN_FRAMEWORK_HEADER = YES;
				CLANG_WARN_RANGE_LOOP_ANALYSIS = YES;
				CLANG_WARN_STRICT_PROTOTYPES = YES;
				CLANG_WARN_SUSPICIOUS_MOVE = YES;
				CLANG_WARN_UNGUARDED_AVAILABILITY = YES_AGGRESSIVE;
				CLANG_WARN_UNREACHABLE_CODE = YES;
				CLANG_WARN__DUPLICATE_METHOD_MATCH = YES;
				COPY_PHASE_STRIP = NO;
				DEBUG_INFORMATION_FORMAT = "dwarf-with-dsym";
				ENABLE_NS_ASSERTIONS = NO;
				ENABLE_STRICT_OBJC_MSGSEND = YES;
				GCC_C_LANGUAGE_STANDARD = gnu11;
				GCC_NO_COMMON_BLOCKS = YES;
				GCC_WARN_64_TO_32_BIT_CONVERSION = YES;
				GCC_WARN_ABOUT_RETURN_TYPE = YES_ERROR;
				GCC_WARN_UNDECLARED_SELECTOR = YES;
				GCC_WARN_UNINITIALIZED_AUTOS = YES_AGGRESSIVE;
				GCC_WARN_UNUSED_FUNCTION = YES;
				GCC_WARN_UNUSED_VARIABLE = YES;
				IPHONEOS_DEPLOYMENT_TARGET = 13.7;
				MTL_ENABLE_DEBUG_INFO = NO;
				MTL_FAST_MATH = YES;
				SDKROOT = iphoneos;
				SWIFT_COMPILATION_MODE = wholemodule;
				SWIFT_OPTIMIZATION_LEVEL = "-O";
				VALIDATE_PRODUCT = YES;
			};
			name = Release;
		};
		B81E679024FED1C3004FF65F /* Debug */ = {
			isa = XCBuildConfiguration;
			baseConfigurationReference = ED4914A40DC8721DE45FC041 /* Pods-social_login_client.debug.xcconfig */;
			buildSettings = {
				ASSETCATALOG_COMPILER_APPICON_NAME = AppIcon;
				CODE_SIGN_STYLE = Automatic;
				INFOPLIST_FILE = "$(SRCROOT)/social_login_client/Info.plist";
				LD_RUNPATH_SEARCH_PATHS = (
					"$(inherited)",
					"@executable_path/Frameworks",
				);
				PRODUCT_BUNDLE_IDENTIFIER = com.disqus.test;
				PRODUCT_NAME = "$(TARGET_NAME)";
				SWIFT_VERSION = 5.0;
				TARGETED_DEVICE_FAMILY = "1,2";
			};
			name = Debug;
		};
		B81E679124FED1C3004FF65F /* Release */ = {
			isa = XCBuildConfiguration;
			baseConfigurationReference = 38C0039DE0C2656A43ABAA78 /* Pods-social_login_client.release.xcconfig */;
			buildSettings = {
				ASSETCATALOG_COMPILER_APPICON_NAME = AppIcon;
				CODE_SIGN_STYLE = Automatic;
				INFOPLIST_FILE = "$(SRCROOT)/social_login_client/Info.plist";
				LD_RUNPATH_SEARCH_PATHS = (
					"$(inherited)",
					"@executable_path/Frameworks",
				);
				PRODUCT_BUNDLE_IDENTIFIER = com.disqus.test;
				PRODUCT_NAME = "$(TARGET_NAME)";
				SWIFT_VERSION = 5.0;
				TARGETED_DEVICE_FAMILY = "1,2";
			};
			name = Release;
		};
/* End XCBuildConfiguration section */

/* Begin XCConfigurationList section */
		B81E677324FED1C3004FF65F /* Build configuration list for PBXProject "social_login_client" */ = {
			isa = XCConfigurationList;
			buildConfigurations = (
				B81E678D24FED1C3004FF65F /* Debug */,
				B81E678E24FED1C3004FF65F /* Release */,
			);
			defaultConfigurationIsVisible = 0;
			defaultConfigurationName = Release;
		};
		B81E678F24FED1C3004FF65F /* Build configuration list for PBXNativeTarget "social_login_client" */ = {
			isa = XCConfigurationList;
			buildConfigurations = (
				B81E679024FED1C3004FF65F /* Debug */,
				B81E679124FED1C3004FF65F /* Release */,
			);
			defaultConfigurationIsVisible = 0;
			defaultConfigurationName = Release;
		};
/* End XCConfigurationList section */
	};
	rootObject = B81E677024FED1C3004FF65F /* Project object */;
}
